
Microsoft Visual Studio Solution File, Format Version 12.00
# Visual Studio 15
VisualStudioVersion = 15.0.28010.2036
MinimumVisualStudioVersion = 10.0.40219.1
Project("{FAE04EC0-301F-11D3-BF4B-00C04F79EFBC}") = "Calculator", "Calculator\Calculator.csproj", "{7319F9BB-BD47-4556-93FD-E4AA5443BC44}"
EndProject
Global
	GlobalSection(SolutionConfigurationPlatforms) = preSolution
		Debug|Any CPU = Debug|Any CPU
		Release|Any CPU = Release|Any CPU
	EndGlobalSection
	GlobalSection(ProjectConfigurationPlatforms) = postSolution
		{7319F9BB-BD47-4556-93FD-E4AA5443BC44}.Debug|Any CPU.ActiveCfg = Debug|Any CPU
		{7319F9BB-BD47-4556-93FD-E4AA5443BC44}.Debug|Any CPU.Build.0 = Debug|Any CPU
		{7319F9BB-BD47-4556-93FD-E4AA5443BC44}.Release|Any CPU.ActiveCfg = Release|Any CPU
		{7319F9BB-BD47-4556-93FD-E4AA5443BC44}.Release|Any CPU.Build.0 = Release|Any CPU
	EndGlobalSection
	GlobalSection(SolutionProperties) = preSolution
		HideSolutionNode = FALSE
	EndGlobalSection
	GlobalSection(ExtensibilityGlobals) = postSolution
		SolutionGuid = {B3FDA068-3057-488D-A0C5-074273A1F09A}
	EndGlobalSection
	GlobalSection(TeamFoundationVersionControl) = preSolution
		SccNumberOfProjects = 2
		SccEnterpriseProvider = {4CA58AB2-18FA-4F8D-95D4-32DDF27D184C}
		SccTeamFoundationServer = https://yodaperdikaris.visualstudio.com/
		SccLocalPath0 = .
		SccProjectUniqueName1 = Calculator\\Calculator.csproj
		SccProjectName1 = Calculator
		SccLocalPath1 = Calculator
	EndGlobalSection
EndGlobal
